Microsoft Visual Studio Solution File, Format Version 11.00
# Visual Studio 2008

Project("{08E821EC-DF77-6804-8706-B791C2DD7D53}") = "haewataru", "Assembly-CSharp.csproj", "{B5FC39E1-A64F-108D-3584-CAD06DA80FD5}"
EndProject
Project("{08E821EC-DF77-6804-8706-B791C2DD7D53}") = "haewataru", "Assembly-UnityScript.unityproj", "{00BE70A7-4FE7-8F8E-05B6-F32C1B336011}"
EndProject
Global
	GlobalSection(SolutionConfigurationPlatforms) = preSolution
		Debug|Any CPU = Debug|Any CPU
		Release|Any CPU = Release|Any CPU
	EndGlobalSection
	GlobalSection(ProjectConfigurationPlatforms) = postSolution
		{B5FC39E1-A64F-108D-3584-CAD06DA80FD5}.Debug|Any CPU.ActiveCfg = Debug|Any CPU
		{B5FC39E1-A64F-108D-3584-CAD06DA80FD5}.Debug|Any CPU.Build.0 = Debug|Any CPU
		{B5FC39E1-A64F-108D-3584-CAD06DA80FD5}.Release|Any CPU.ActiveCfg = Release|Any CPU
		{B5FC39E1-A64F-108D-3584-CAD06DA80FD5}.Release|Any CPU.Build.0 = Release|Any CPU
		{00BE70A7-4FE7-8F8E-05B6-F32C1B336011}.Debug|Any CPU.ActiveCfg = Debug|Any CPU
		{00BE70A7-4FE7-8F8E-05B6-F32C1B336011}.Debug|Any CPU.Build.0 = Debug|Any CPU
		{00BE70A7-4FE7-8F8E-05B6-F32C1B336011}.Release|Any CPU.ActiveCfg = Release|Any CPU
		{00BE70A7-4FE7-8F8E-05B6-F32C1B336011}.Release|Any CPU.Build.0 = Release|Any CPU
	EndGlobalSection
	GlobalSection(SolutionProperties) = preSolution
		HideSolutionNode = FALSE
	EndGlobalSection
<<<<<<< HEAD
																																															GlobalSection(MonoDevelopProperties) = preSolution
=======
																																									GlobalSection(MonoDevelopProperties) = preSolution
>>>>>>> origin/touch_control
		StartupItem = Assembly-CSharp.csproj
		Policies = $0
		$0.TextStylePolicy = $1
		$1.inheritsSet = null
		$1.scope = text/x-csharp
		$0.CSharpFormattingPolicy = $2
		$2.inheritsSet = Mono
		$2.inheritsScope = text/x-csharp
		$2.scope = text/x-csharp
		$0.TextStylePolicy = $3
		$3.FileWidth = 120
		$3.TabWidth = 4
		$3.EolMarker = Unix
		$3.inheritsSet = Mono
		$3.inheritsScope = text/plain
		$3.scope = text/plain
	EndGlobalSection

EndGlobal
