Microsoft Visual Studio Solution File, Format Version 11.00
# Visual Studio 2008

Project("{08E821EC-DF77-6804-8706-B791C2DD7D53}") = "haewataru", "Assembly-CSharp-firstpass.csproj", "{4E0F479F-6A3D-031B-E0F8-427083A3C850}"
EndProject
Project("{08E821EC-DF77-6804-8706-B791C2DD7D53}") = "haewataru", "Assembly-CSharp.csproj", "{B5FC39E1-A64F-108D-3584-CAD06DA80FD5}"
EndProject
Project("{08E821EC-DF77-6804-8706-B791C2DD7D53}") = "haewataru", "Assembly-UnityScript-firstpass.unityproj", "{A8F9C5AC-64CF-532D-9188-BDFFE2C21154}"
EndProject
Project("{08E821EC-DF77-6804-8706-B791C2DD7D53}") = "haewataru", "Assembly-UnityScript.unityproj", "{00BE70A7-4FE7-8F8E-05B6-F32C1B336011}"
EndProject
Global
	GlobalSection(SolutionConfigurationPlatforms) = preSolution
		Debug|Any CPU = Debug|Any CPU
		Release|Any CPU = Release|Any CPU
	EndGlobalSection
	GlobalSection(ProjectConfigurationPlatforms) = postSolution
		{4E0F479F-6A3D-031B-E0F8-427083A3C850}.Debug|Any CPU.ActiveCfg = Debug|Any CPU
		{4E0F479F-6A3D-031B-E0F8-427083A3C850}.Debug|Any CPU.Build.0 = Debug|Any CPU
		{4E0F479F-6A3D-031B-E0F8-427083A3C850}.Release|Any CPU.ActiveCfg = Release|Any CPU
		{4E0F479F-6A3D-031B-E0F8-427083A3C850}.Release|Any CPU.Build.0 = Release|Any CPU
		{B5FC39E1-A64F-108D-3584-CAD06DA80FD5}.Debug|Any CPU.ActiveCfg = Debug|Any CPU
		{B5FC39E1-A64F-108D-3584-CAD06DA80FD5}.Debug|Any CPU.Build.0 = Debug|Any CPU
		{B5FC39E1-A64F-108D-3584-CAD06DA80FD5}.Release|Any CPU.ActiveCfg = Release|Any CPU
		{B5FC39E1-A64F-108D-3584-CAD06DA80FD5}.Release|Any CPU.Build.0 = Release|Any CPU
		{A8F9C5AC-64CF-532D-9188-BDFFE2C21154}.Debug|Any CPU.ActiveCfg = Debug|Any CPU
		{A8F9C5AC-64CF-532D-9188-BDFFE2C21154}.Debug|Any CPU.Build.0 = Debug|Any CPU
		{A8F9C5AC-64CF-532D-9188-BDFFE2C21154}.Release|Any CPU.ActiveCfg = Release|Any CPU
		{A8F9C5AC-64CF-532D-9188-BDFFE2C21154}.Release|Any CPU.Build.0 = Release|Any CPU
		{00BE70A7-4FE7-8F8E-05B6-F32C1B336011}.Debug|Any CPU.ActiveCfg = Debug|Any CPU
		{00BE70A7-4FE7-8F8E-05B6-F32C1B336011}.Debug|Any CPU.Build.0 = Debug|Any CPU
		{00BE70A7-4FE7-8F8E-05B6-F32C1B336011}.Release|Any CPU.ActiveCfg = Release|Any CPU
		{00BE70A7-4FE7-8F8E-05B6-F32C1B336011}.Release|Any CPU.Build.0 = Release|Any CPU
	EndGlobalSection
	GlobalSection(SolutionProperties) = preSolution
		HideSolutionNode = FALSE
	EndGlobalSection
																																																																																																																																																											GlobalSection(MonoDevelopProperties) = preSolution
=======
																																																																																																																																																											GlobalSection(MonoDevelopProperties) = preSolution
>>>>>>> e426d8462edc7372b2c2fcd9f83ad1021221d5d6
=======
<<<<<<< HEAD
																																																																																																																																																		GlobalSection(MonoDevelopProperties) = preSolution
=======
																																																																																																																																																							GlobalSection(MonoDevelopProperties) = preSolution
>>>>>>> 0146047adb4cb6bad6b8ef0570709135eebb9d3b
>>>>>>> 85537b946b4d7457208fe48aab939e82a62f88b6
=======
																																																																																																																					GlobalSection(MonoDevelopProperties) = preSolution
>>>>>>> ba0d0ab3d9375bcb6dd0b55bc73a4a1567f2745d
=======
																																																																																																													GlobalSection(MonoDevelopProperties) = preSolution
>>>>>>> 4a0280c1082779a430355ab849b2a77f76e794be
=======
																																																											GlobalSection(MonoDevelopProperties) = preSolution
>>>>>>> 738ff1598621234b9653618d0f5eb95a1cd3cb97
=======
																																												GlobalSection(MonoDevelopProperties) = preSolution
>>>>>>> 08453dbfdeaf19dfe969386c0506ad12900af997
		StartupItem = Assembly-CSharp.csproj
		Policies = $0
		$0.TextStylePolicy = $1
		$1.inheritsSet = null
		$1.scope = text/x-csharp
		$0.CSharpFormattingPolicy = $2
		$2.inheritsSet = Mono
		$2.inheritsScope = text/x-csharp
		$2.scope = text/x-csharp
		$0.TextStylePolicy = $3
		$3.FileWidth = 120
		$3.TabWidth = 4
		$3.EolMarker = Unix
		$3.inheritsSet = Mono
		$3.inheritsScope = text/plain
		$3.scope = text/plain
	EndGlobalSection

EndGlobal
