Microsoft Visual Studio Solution File, Format Version 11.00
# Visual Studio 2008

Project("{08E821EC-DF77-6804-8706-B791C2DD7D53}") = "haewataru", "Assembly-CSharp-firstpass-vs.csproj", "{4E0F479F-6A3D-031B-E0F8-427083A3C850}"
EndProject
Project("{08E821EC-DF77-6804-8706-B791C2DD7D53}") = "haewataru", "Assembly-CSharp-vs.csproj", "{B5FC39E1-A64F-108D-3584-CAD06DA80FD5}"
EndProject
Global
	GlobalSection(SolutionConfigurationPlatforms) = preSolution
		Debug|Any CPU = Debug|Any CPU
		Release|Any CPU = Release|Any CPU
	EndGlobalSection
	GlobalSection(ProjectConfigurationPlatforms) = postSolution
		{4E0F479F-6A3D-031B-E0F8-427083A3C850}.Debug|Any CPU.ActiveCfg = Debug|Any CPU
		{4E0F479F-6A3D-031B-E0F8-427083A3C850}.Debug|Any CPU.Build.0 = Debug|Any CPU
		{4E0F479F-6A3D-031B-E0F8-427083A3C850}.Release|Any CPU.ActiveCfg = Release|Any CPU
		{4E0F479F-6A3D-031B-E0F8-427083A3C850}.Release|Any CPU.Build.0 = Release|Any CPU
		{B5FC39E1-A64F-108D-3584-CAD06DA80FD5}.Debug|Any CPU.ActiveCfg = Debug|Any CPU
		{B5FC39E1-A64F-108D-3584-CAD06DA80FD5}.Debug|Any CPU.Build.0 = Debug|Any CPU
		{B5FC39E1-A64F-108D-3584-CAD06DA80FD5}.Release|Any CPU.ActiveCfg = Release|Any CPU
		{B5FC39E1-A64F-108D-3584-CAD06DA80FD5}.Release|Any CPU.Build.0 = Release|Any CPU
	EndGlobalSection
	GlobalSection(SolutionProperties) = preSolution
		HideSolutionNode = FALSE
	EndGlobalSection
<<<<<<< HEAD
<<<<<<< HEAD
																																																																																																																																																																GlobalSection(MonoDevelopProperties) = preSolution
=======
																																																																																																																																																														GlobalSection(MonoDevelopProperties) = preSolution
=======
																																																																																																																																																															GlobalSection(MonoDevelopProperties) = preSolution
>>>>>>> 62db40d5e572107d6350a8cc9ebc43a805371969
=======
																																																																																																																																																														GlobalSection(MonoDevelopProperties) = preSolution
>>>>>>> bb917ee8b3126004bb4d49e525245eaf57f58f8f
=======
																																																																																																																																																											GlobalSection(MonoDevelopProperties) = preSolution
>>>>>>> FETCH_HEAD
>>>>>>> f01d678ff7fb8b35d8858bd1b5be5cdc3b4b1926
=======
																																																																																																																																																											GlobalSection(MonoDevelopProperties) = preSolution
>>>>>>> e426d8462edc7372b2c2fcd9f83ad1021221d5d6
=======
<<<<<<< HEAD
																																																																																																																																																		GlobalSection(MonoDevelopProperties) = preSolution
=======
																																																																																																																																																							GlobalSection(MonoDevelopProperties) = preSolution
>>>>>>> 0146047adb4cb6bad6b8ef0570709135eebb9d3b
<<<<<<< HEAD
>>>>>>> FETCH_HEAD
=======
>>>>>>> 85537b946b4d7457208fe48aab939e82a62f88b6
>>>>>>> FETCH_HEAD
=======
																																																																																																																					GlobalSection(MonoDevelopProperties) = preSolution
>>>>>>> ba0d0ab3d9375bcb6dd0b55bc73a4a1567f2745d
=======
																																																																																																													GlobalSection(MonoDevelopProperties) = preSolution
>>>>>>> 4a0280c1082779a430355ab849b2a77f76e794be
=======
																																																											GlobalSection(MonoDevelopProperties) = preSolution
>>>>>>> 738ff1598621234b9653618d0f5eb95a1cd3cb97
=======
																																												GlobalSection(MonoDevelopProperties) = preSolution
>>>>>>> 08453dbfdeaf19dfe969386c0506ad12900af997
		StartupItem = Assembly-CSharp.csproj
		Policies = $0
		$0.TextStylePolicy = $1
		$1.inheritsSet = null
		$1.scope = text/x-csharp
		$0.CSharpFormattingPolicy = $2
		$2.inheritsSet = Mono
		$2.inheritsScope = text/x-csharp
		$2.scope = text/x-csharp
		$0.TextStylePolicy = $3
		$3.FileWidth = 120
		$3.TabWidth = 4
		$3.EolMarker = Unix
		$3.inheritsSet = Mono
		$3.inheritsScope = text/plain
		$3.scope = text/plain
	EndGlobalSection

EndGlobal
